
Microsoft Visual Studio Solution File, Format Version 12.00
# Visual Studio Version 17
VisualStudioVersion = 17.6.33829.357
MinimumVisualStudioVersion = 10.0.40219.1
Project("{2150E333-8FDC-42A3-9474-1A3956D46DE8}") = "ShapesAlgos", "ShapesAlgos", "{372E961C-560B-4B3A-B870-75CECAB61110}"
EndProject
Project("{9A19103F-16F7-4668-BE54-9A1E7A4F7556}") = "Shapes", "Shapes\Shapes.csproj", "{63F53B74-0F38-4A9A-BE51-6B46A7CAAB91}"
EndProject
Project("{2150E333-8FDC-42A3-9474-1A3956D46DE8}") = "CorrelationAlgo", "CorrelationAlgo", "{A3B7F757-B08E-48E7-BE5E-ED227BD4123A}"
EndProject
Project("{9A19103F-16F7-4668-BE54-9A1E7A4F7556}") = "Correlation", "Correlation\Correlation.csproj", "{D3ED6980-E126-43B0-9E70-B336EFCA9791}"
EndProject
Project("{2150E333-8FDC-42A3-9474-1A3956D46DE8}") = "SortAlgos", "SortAlgos", "{D983C6BD-C60D-4BAE-BDE0-62161C24D297}"
EndProject
Project("{2150E333-8FDC-42A3-9474-1A3956D46DE8}") = "InsertionSort", "InsertionSort", "{75C338C3-6FF3-4C6B-9E96-45D61A9D78F2}"
EndProject
Project("{9A19103F-16F7-4668-BE54-9A1E7A4F7556}") = "InsertionSort", "InsertionSort\InsertionSort.csproj", "{F45646CD-EC64-4C26-8808-DA172BFFF97C}"
EndProject
Project("{2150E333-8FDC-42A3-9474-1A3956D46DE8}") = "MergeSort", "MergeSort", "{6707ED1E-DBC0-4BDA-86F4-3A517A226418}"
EndProject
Project("{9A19103F-16F7-4668-BE54-9A1E7A4F7556}") = "MergeSort", "MergeSort\MergeSort.csproj", "{F822B0AC-CE3D-430E-8B5C-C673E862FB7F}"
EndProject
Project("{2150E333-8FDC-42A3-9474-1A3956D46DE8}") = "Segregate Positive and Negative Numbers", "Segregate Positive and Negative Numbers", "{2B5D520F-0899-452D-A742-083DAF9FBC50}"
EndProject
Project("{9A19103F-16F7-4668-BE54-9A1E7A4F7556}") = "Segregate P and N Nums", "Segregate P and N Nums\Segregate P and N Nums.csproj", "{FC3ADDDE-363C-4D1D-96A1-DE80636B4E4D}"
EndProject
Project("{2150E333-8FDC-42A3-9474-1A3956D46DE8}") = "SortedCharactersFrequencies", "SortedCharactersFrequencies", "{8209F9B1-3214-45D8-B201-FFDE6849C065}"
EndProject
Project("{9A19103F-16F7-4668-BE54-9A1E7A4F7556}") = "SortedCharactersFrequencies", "SortedCharactersFrequencies\SortedCharactersFrequencies.csproj", "{34D65F1A-8552-41E0-BBF2-5BEC47926982}"
EndProject
Project("{2150E333-8FDC-42A3-9474-1A3956D46DE8}") = "GreedyAlgos", "GreedyAlgos", "{60193394-E189-4F9E-9B27-131E010D98DC}"
EndProject
Project("{2150E333-8FDC-42A3-9474-1A3956D46DE8}") = "ActivitySelection", "ActivitySelection", "{E989B1CE-C97A-488E-A269-AB062EFAC7D9}"
EndProject
Project("{9A19103F-16F7-4668-BE54-9A1E7A4F7556}") = "ActivitySelection", "ActivitySelection\ActivitySelection.csproj", "{43E5E81B-16FB-4BC0-ADB7-27B2B5DFC39F}"
EndProject
Project("{2150E333-8FDC-42A3-9474-1A3956D46DE8}") = "HuffmanCode", "HuffmanCode", "{80D89433-08AE-4EB7-879F-CA3BC80041FC}"
EndProject
Project("{9A19103F-16F7-4668-BE54-9A1E7A4F7556}") = "HuffmanCode", "HuffmanCode\HuffmanCode.csproj", "{70B19E5C-1C92-4D89-8BF3-ABC75719E526}"
EndProject
Project("{2150E333-8FDC-42A3-9474-1A3956D46DE8}") = "Knapsack", "Knapsack", "{8C5BAE12-B4ED-434D-933D-960CDBA4C683}"
EndProject
Project("{9A19103F-16F7-4668-BE54-9A1E7A4F7556}") = "Knapsack", "Knapsack\Knapsack.csproj", "{BE136FCA-0D11-4816-800B-03C3D83697A0}"
EndProject
Project("{2150E333-8FDC-42A3-9474-1A3956D46DE8}") = "DynamicProgramming", "DynamicProgramming", "{F97D9D06-233A-4050-9916-102FD5FE0F67}"
EndProject
Project("{2150E333-8FDC-42A3-9474-1A3956D46DE8}") = "StageCoach", "StageCoach", "{AE5CA7F4-5B9C-4112-9B1D-01D3269E1BB2}"
EndProject
Project("{9A19103F-16F7-4668-BE54-9A1E7A4F7556}") = "StageCoach", "StageCoach\StageCoach.csproj", "{6CE69FB9-A539-42AD-B854-2DEEFB89E34C}"
EndProject
Project("{2150E333-8FDC-42A3-9474-1A3956D46DE8}") = "LongestCommonSubsequence", "LongestCommonSubsequence", "{486D9937-FD47-41BA-A50A-15C7036E4D61}"
EndProject
Project("{9A19103F-16F7-4668-BE54-9A1E7A4F7556}") = "LongestCommonSubsequence", "LongestCommonSubsequence\LongestCommonSubsequence.csproj", "{B423A16E-93A6-4203-8884-8216EE7337A8}"
EndProject
Project("{2150E333-8FDC-42A3-9474-1A3956D46DE8}") = "Knapsack0_1", "Knapsack0_1", "{CE66BC85-26F9-4677-8F38-83F4F71EEA99}"
EndProject
Project("{9A19103F-16F7-4668-BE54-9A1E7A4F7556}") = "Knapsack0_1", "Knapsack0_1\Knapsack0_1.csproj", "{A8CAA5AB-BBA6-4920-9F2B-E9B6F47CCD37}"
EndProject
Project("{2150E333-8FDC-42A3-9474-1A3956D46DE8}") = "Graph", "Graph", "{3D4D7896-E0D0-4345-B0FC-F7F06322C0F1}"
EndProject
Project("{2150E333-8FDC-42A3-9474-1A3956D46DE8}") = "PrimMinimumSpanningTree", "PrimMinimumSpanningTree", "{BD07E19B-F3B6-49BB-9552-EF200B7F285B}"
EndProject
Project("{FAE04EC0-301F-11D3-BF4B-00C04F79EFBC}") = "PrimMinimumSpanningTree", "PrimMinimumSpanningTree\PrimMinimumSpanningTree.csproj", "{EFE61388-7A84-45A1-9ADC-7BFB497EB949}"
EndProject
Project("{2150E333-8FDC-42A3-9474-1A3956D46DE8}") = "BreadthFirstSearch", "BreadthFirstSearch", "{52BB46D2-162D-4A92-9796-25761A3E12CC}"
EndProject
Project("{FAE04EC0-301F-11D3-BF4B-00C04F79EFBC}") = "BreadthFirstSearch", "BreadthFirstSearch\BreadthFirstSearch.csproj", "{AB8D8DC4-2BE8-4AE1-B3DA-966B36744488}"
EndProject
Project("{2150E333-8FDC-42A3-9474-1A3956D46DE8}") = "BFSWithoutOOP", "BFSWithoutOOP", "{896BF92D-F8BA-44EE-877E-4B6FE396D302}"
EndProject
Project("{FAE04EC0-301F-11D3-BF4B-00C04F79EFBC}") = "BFSWithoutOOP", "BFS\BFSWithoutOOP.csproj", "{20D8E432-737F-424B-AC35-97CB217AD073}"
EndProject
Project("{2150E333-8FDC-42A3-9474-1A3956D46DE8}") = "DepthFirstSearch", "DepthFirstSearch", "{D19C9020-FB1F-4241-B8E3-6E96210CFEF0}"
EndProject
Project("{FAE04EC0-301F-11D3-BF4B-00C04F79EFBC}") = "DepthFirstSearch", "DepthFirstSearch\DepthFirstSearch.csproj", "{412CF09B-02C6-47C3-AD4B-84C5CA3B7306}"
EndProject
Project("{2150E333-8FDC-42A3-9474-1A3956D46DE8}") = "Dijkstra'sShortestPath", "Dijkstra'sShortestPath", "{66F87D79-3AE1-4135-83DB-280D61BB0B78}"
EndProject
Project("{FAE04EC0-301F-11D3-BF4B-00C04F79EFBC}") = "Dijkstra'sShortestPath", "Dijkstra'sShortestPath\Dijkstra'sShortestPath.csproj", "{FA85DE33-220D-43A5-BDDB-3BBC0E838EA3}"
EndProject
Global
	GlobalSection(SolutionConfigurationPlatforms) = preSolution
		Debug|Any CPU = Debug|Any CPU
		Release|Any CPU = Release|Any CPU
	EndGlobalSection
	GlobalSection(ProjectConfigurationPlatforms) = postSolution
		{63F53B74-0F38-4A9A-BE51-6B46A7CAAB91}.Debug|Any CPU.ActiveCfg = Debug|Any CPU
		{63F53B74-0F38-4A9A-BE51-6B46A7CAAB91}.Debug|Any CPU.Build.0 = Debug|Any CPU
		{63F53B74-0F38-4A9A-BE51-6B46A7CAAB91}.Release|Any CPU.ActiveCfg = Release|Any CPU
		{63F53B74-0F38-4A9A-BE51-6B46A7CAAB91}.Release|Any CPU.Build.0 = Release|Any CPU
		{D3ED6980-E126-43B0-9E70-B336EFCA9791}.Debug|Any CPU.ActiveCfg = Debug|Any CPU
		{D3ED6980-E126-43B0-9E70-B336EFCA9791}.Debug|Any CPU.Build.0 = Debug|Any CPU
		{D3ED6980-E126-43B0-9E70-B336EFCA9791}.Release|Any CPU.ActiveCfg = Release|Any CPU
		{D3ED6980-E126-43B0-9E70-B336EFCA9791}.Release|Any CPU.Build.0 = Release|Any CPU
		{F45646CD-EC64-4C26-8808-DA172BFFF97C}.Debug|Any CPU.ActiveCfg = Debug|Any CPU
		{F45646CD-EC64-4C26-8808-DA172BFFF97C}.Debug|Any CPU.Build.0 = Debug|Any CPU
		{F45646CD-EC64-4C26-8808-DA172BFFF97C}.Release|Any CPU.ActiveCfg = Release|Any CPU
		{F45646CD-EC64-4C26-8808-DA172BFFF97C}.Release|Any CPU.Build.0 = Release|Any CPU
		{F822B0AC-CE3D-430E-8B5C-C673E862FB7F}.Debug|Any CPU.ActiveCfg = Debug|Any CPU
		{F822B0AC-CE3D-430E-8B5C-C673E862FB7F}.Debug|Any CPU.Build.0 = Debug|Any CPU
		{F822B0AC-CE3D-430E-8B5C-C673E862FB7F}.Release|Any CPU.ActiveCfg = Release|Any CPU
		{F822B0AC-CE3D-430E-8B5C-C673E862FB7F}.Release|Any CPU.Build.0 = Release|Any CPU
		{FC3ADDDE-363C-4D1D-96A1-DE80636B4E4D}.Debug|Any CPU.ActiveCfg = Debug|Any CPU
		{FC3ADDDE-363C-4D1D-96A1-DE80636B4E4D}.Debug|Any CPU.Build.0 = Debug|Any CPU
		{FC3ADDDE-363C-4D1D-96A1-DE80636B4E4D}.Release|Any CPU.ActiveCfg = Release|Any CPU
		{FC3ADDDE-363C-4D1D-96A1-DE80636B4E4D}.Release|Any CPU.Build.0 = Release|Any CPU
		{34D65F1A-8552-41E0-BBF2-5BEC47926982}.Debug|Any CPU.ActiveCfg = Debug|Any CPU
		{34D65F1A-8552-41E0-BBF2-5BEC47926982}.Debug|Any CPU.Build.0 = Debug|Any CPU
		{34D65F1A-8552-41E0-BBF2-5BEC47926982}.Release|Any CPU.ActiveCfg = Release|Any CPU
		{34D65F1A-8552-41E0-BBF2-5BEC47926982}.Release|Any CPU.Build.0 = Release|Any CPU
		{43E5E81B-16FB-4BC0-ADB7-27B2B5DFC39F}.Debug|Any CPU.ActiveCfg = Debug|Any CPU
		{43E5E81B-16FB-4BC0-ADB7-27B2B5DFC39F}.Debug|Any CPU.Build.0 = Debug|Any CPU
		{43E5E81B-16FB-4BC0-ADB7-27B2B5DFC39F}.Release|Any CPU.ActiveCfg = Release|Any CPU
		{43E5E81B-16FB-4BC0-ADB7-27B2B5DFC39F}.Release|Any CPU.Build.0 = Release|Any CPU
		{70B19E5C-1C92-4D89-8BF3-ABC75719E526}.Debug|Any CPU.ActiveCfg = Debug|Any CPU
		{70B19E5C-1C92-4D89-8BF3-ABC75719E526}.Debug|Any CPU.Build.0 = Debug|Any CPU
		{70B19E5C-1C92-4D89-8BF3-ABC75719E526}.Release|Any CPU.ActiveCfg = Release|Any CPU
		{70B19E5C-1C92-4D89-8BF3-ABC75719E526}.Release|Any CPU.Build.0 = Release|Any CPU
		{BE136FCA-0D11-4816-800B-03C3D83697A0}.Debug|Any CPU.ActiveCfg = Debug|Any CPU
		{BE136FCA-0D11-4816-800B-03C3D83697A0}.Debug|Any CPU.Build.0 = Debug|Any CPU
		{BE136FCA-0D11-4816-800B-03C3D83697A0}.Release|Any CPU.ActiveCfg = Release|Any CPU
		{BE136FCA-0D11-4816-800B-03C3D83697A0}.Release|Any CPU.Build.0 = Release|Any CPU
		{6CE69FB9-A539-42AD-B854-2DEEFB89E34C}.Debug|Any CPU.ActiveCfg = Debug|Any CPU
		{6CE69FB9-A539-42AD-B854-2DEEFB89E34C}.Debug|Any CPU.Build.0 = Debug|Any CPU
		{6CE69FB9-A539-42AD-B854-2DEEFB89E34C}.Release|Any CPU.ActiveCfg = Release|Any CPU
		{6CE69FB9-A539-42AD-B854-2DEEFB89E34C}.Release|Any CPU.Build.0 = Release|Any CPU
		{B423A16E-93A6-4203-8884-8216EE7337A8}.Debug|Any CPU.ActiveCfg = Debug|Any CPU
		{B423A16E-93A6-4203-8884-8216EE7337A8}.Debug|Any CPU.Build.0 = Debug|Any CPU
		{B423A16E-93A6-4203-8884-8216EE7337A8}.Release|Any CPU.ActiveCfg = Release|Any CPU
		{B423A16E-93A6-4203-8884-8216EE7337A8}.Release|Any CPU.Build.0 = Release|Any CPU
		{A8CAA5AB-BBA6-4920-9F2B-E9B6F47CCD37}.Debug|Any CPU.ActiveCfg = Debug|Any CPU
		{A8CAA5AB-BBA6-4920-9F2B-E9B6F47CCD37}.Debug|Any CPU.Build.0 = Debug|Any CPU
		{A8CAA5AB-BBA6-4920-9F2B-E9B6F47CCD37}.Release|Any CPU.ActiveCfg = Release|Any CPU
		{A8CAA5AB-BBA6-4920-9F2B-E9B6F47CCD37}.Release|Any CPU.Build.0 = Release|Any CPU
		{EFE61388-7A84-45A1-9ADC-7BFB497EB949}.Debug|Any CPU.ActiveCfg = Debug|Any CPU
		{EFE61388-7A84-45A1-9ADC-7BFB497EB949}.Debug|Any CPU.Build.0 = Debug|Any CPU
		{EFE61388-7A84-45A1-9ADC-7BFB497EB949}.Release|Any CPU.ActiveCfg = Release|Any CPU
		{EFE61388-7A84-45A1-9ADC-7BFB497EB949}.Release|Any CPU.Build.0 = Release|Any CPU
		{AB8D8DC4-2BE8-4AE1-B3DA-966B36744488}.Debug|Any CPU.ActiveCfg = Debug|Any CPU
		{AB8D8DC4-2BE8-4AE1-B3DA-966B36744488}.Debug|Any CPU.Build.0 = Debug|Any CPU
		{AB8D8DC4-2BE8-4AE1-B3DA-966B36744488}.Release|Any CPU.ActiveCfg = Release|Any CPU
		{AB8D8DC4-2BE8-4AE1-B3DA-966B36744488}.Release|Any CPU.Build.0 = Release|Any CPU
		{20D8E432-737F-424B-AC35-97CB217AD073}.Debug|Any CPU.ActiveCfg = Debug|Any CPU
		{20D8E432-737F-424B-AC35-97CB217AD073}.Debug|Any CPU.Build.0 = Debug|Any CPU
		{20D8E432-737F-424B-AC35-97CB217AD073}.Release|Any CPU.ActiveCfg = Release|Any CPU
		{20D8E432-737F-424B-AC35-97CB217AD073}.Release|Any CPU.Build.0 = Release|Any CPU
		{412CF09B-02C6-47C3-AD4B-84C5CA3B7306}.Debug|Any CPU.ActiveCfg = Debug|Any CPU
		{412CF09B-02C6-47C3-AD4B-84C5CA3B7306}.Debug|Any CPU.Build.0 = Debug|Any CPU
		{412CF09B-02C6-47C3-AD4B-84C5CA3B7306}.Release|Any CPU.ActiveCfg = Release|Any CPU
		{412CF09B-02C6-47C3-AD4B-84C5CA3B7306}.Release|Any CPU.Build.0 = Release|Any CPU
		{FA85DE33-220D-43A5-BDDB-3BBC0E838EA3}.Debug|Any CPU.ActiveCfg = Debug|Any CPU
		{FA85DE33-220D-43A5-BDDB-3BBC0E838EA3}.Debug|Any CPU.Build.0 = Debug|Any CPU
		{FA85DE33-220D-43A5-BDDB-3BBC0E838EA3}.Release|Any CPU.ActiveCfg = Release|Any CPU
		{FA85DE33-220D-43A5-BDDB-3BBC0E838EA3}.Release|Any CPU.Build.0 = Release|Any CPU
	EndGlobalSection
	GlobalSection(SolutionProperties) = preSolution
		HideSolutionNode = FALSE
	EndGlobalSection
	GlobalSection(NestedProjects) = preSolution
		{63F53B74-0F38-4A9A-BE51-6B46A7CAAB91} = {372E961C-560B-4B3A-B870-75CECAB61110}
		{D3ED6980-E126-43B0-9E70-B336EFCA9791} = {A3B7F757-B08E-48E7-BE5E-ED227BD4123A}
		{75C338C3-6FF3-4C6B-9E96-45D61A9D78F2} = {D983C6BD-C60D-4BAE-BDE0-62161C24D297}
		{F45646CD-EC64-4C26-8808-DA172BFFF97C} = {75C338C3-6FF3-4C6B-9E96-45D61A9D78F2}
		{6707ED1E-DBC0-4BDA-86F4-3A517A226418} = {D983C6BD-C60D-4BAE-BDE0-62161C24D297}
		{F822B0AC-CE3D-430E-8B5C-C673E862FB7F} = {6707ED1E-DBC0-4BDA-86F4-3A517A226418}
		{2B5D520F-0899-452D-A742-083DAF9FBC50} = {6707ED1E-DBC0-4BDA-86F4-3A517A226418}
		{FC3ADDDE-363C-4D1D-96A1-DE80636B4E4D} = {2B5D520F-0899-452D-A742-083DAF9FBC50}
		{8209F9B1-3214-45D8-B201-FFDE6849C065} = {D983C6BD-C60D-4BAE-BDE0-62161C24D297}
		{34D65F1A-8552-41E0-BBF2-5BEC47926982} = {8209F9B1-3214-45D8-B201-FFDE6849C065}
		{E989B1CE-C97A-488E-A269-AB062EFAC7D9} = {60193394-E189-4F9E-9B27-131E010D98DC}
		{43E5E81B-16FB-4BC0-ADB7-27B2B5DFC39F} = {E989B1CE-C97A-488E-A269-AB062EFAC7D9}
		{80D89433-08AE-4EB7-879F-CA3BC80041FC} = {60193394-E189-4F9E-9B27-131E010D98DC}
		{70B19E5C-1C92-4D89-8BF3-ABC75719E526} = {80D89433-08AE-4EB7-879F-CA3BC80041FC}
		{8C5BAE12-B4ED-434D-933D-960CDBA4C683} = {60193394-E189-4F9E-9B27-131E010D98DC}
		{BE136FCA-0D11-4816-800B-03C3D83697A0} = {8C5BAE12-B4ED-434D-933D-960CDBA4C683}
		{AE5CA7F4-5B9C-4112-9B1D-01D3269E1BB2} = {F97D9D06-233A-4050-9916-102FD5FE0F67}
		{6CE69FB9-A539-42AD-B854-2DEEFB89E34C} = {AE5CA7F4-5B9C-4112-9B1D-01D3269E1BB2}
		{486D9937-FD47-41BA-A50A-15C7036E4D61} = {F97D9D06-233A-4050-9916-102FD5FE0F67}
		{B423A16E-93A6-4203-8884-8216EE7337A8} = {486D9937-FD47-41BA-A50A-15C7036E4D61}
		{CE66BC85-26F9-4677-8F38-83F4F71EEA99} = {F97D9D06-233A-4050-9916-102FD5FE0F67}
		{A8CAA5AB-BBA6-4920-9F2B-E9B6F47CCD37} = {CE66BC85-26F9-4677-8F38-83F4F71EEA99}
		{BD07E19B-F3B6-49BB-9552-EF200B7F285B} = {3D4D7896-E0D0-4345-B0FC-F7F06322C0F1}
		{EFE61388-7A84-45A1-9ADC-7BFB497EB949} = {BD07E19B-F3B6-49BB-9552-EF200B7F285B}
		{52BB46D2-162D-4A92-9796-25761A3E12CC} = {3D4D7896-E0D0-4345-B0FC-F7F06322C0F1}
		{AB8D8DC4-2BE8-4AE1-B3DA-966B36744488} = {52BB46D2-162D-4A92-9796-25761A3E12CC}
		{896BF92D-F8BA-44EE-877E-4B6FE396D302} = {3D4D7896-E0D0-4345-B0FC-F7F06322C0F1}
		{20D8E432-737F-424B-AC35-97CB217AD073} = {896BF92D-F8BA-44EE-877E-4B6FE396D302}
		{D19C9020-FB1F-4241-B8E3-6E96210CFEF0} = {3D4D7896-E0D0-4345-B0FC-F7F06322C0F1}
		{412CF09B-02C6-47C3-AD4B-84C5CA3B7306} = {D19C9020-FB1F-4241-B8E3-6E96210CFEF0}
		{66F87D79-3AE1-4135-83DB-280D61BB0B78} = {3D4D7896-E0D0-4345-B0FC-F7F06322C0F1}
		{FA85DE33-220D-43A5-BDDB-3BBC0E838EA3} = {66F87D79-3AE1-4135-83DB-280D61BB0B78}
	EndGlobalSection
	GlobalSection(ExtensibilityGlobals) = postSolution
		SolutionGuid = {A3E14C61-E24D-443B-9EE7-DB88215BDE5C}
	EndGlobalSection
EndGlobal
